
Microsoft Visual Studio Solution File, Format Version 12.00
# Visual Studio 15
Project("{F2A71F9B-5D33-465A-A702-920D77279786}") = "traffic", "traffic\traffic.fsproj", "{8949D226-CEFD-4B89-9142-88123D9C4CCB}"
EndProject
Project("{F2A71F9B-5D33-465A-A702-920D77279786}") = "fTrafficCore", "fTrafficCore\fTrafficCore.fsproj", "{3EFCF29D-D2D2-43AC-AA6A-08E28E7913B1}"
EndProject
Project("{FAE04EC0-301F-11D3-BF4B-00C04F79EFBC}") = "TerminalView", "TerminalView\TerminalView.csproj", "{BA5C6CF1-A125-4708-8685-A7D4D502BCC9}"
EndProject
Project("{F2A71F9B-5D33-465A-A702-920D77279786}") = "TrafficCoreTests", "TrafficCoreTests\TrafficCoreTests.fsproj", "{64A843CD-1824-4E04-B3B4-F9DFA7BC0930}"
EndProject
Project("{FAE04EC0-301F-11D3-BF4B-00C04F79EFBC}") = "CSharpTests", "CSharpTests\CSharpTests.csproj", "{884689CD-829C-4C83-B794-99AD4BEB85F8}"
EndProject
Global
	GlobalSection(SolutionConfigurationPlatforms) = preSolution
		Debug|Any CPU = Debug|Any CPU
		Release|Any CPU = Release|Any CPU
	EndGlobalSection
	GlobalSection(ProjectConfigurationPlatforms) = postSolution
		{8949D226-CEFD-4B89-9142-88123D9C4CCB}.Debug|Any CPU.ActiveCfg = Debug|Any CPU
		{8949D226-CEFD-4B89-9142-88123D9C4CCB}.Debug|Any CPU.Build.0 = Debug|Any CPU
		{8949D226-CEFD-4B89-9142-88123D9C4CCB}.Release|Any CPU.ActiveCfg = Release|Any CPU
		{8949D226-CEFD-4B89-9142-88123D9C4CCB}.Release|Any CPU.Build.0 = Release|Any CPU
		{3EFCF29D-D2D2-43AC-AA6A-08E28E7913B1}.Debug|Any CPU.ActiveCfg = Debug|Any CPU
		{3EFCF29D-D2D2-43AC-AA6A-08E28E7913B1}.Debug|Any CPU.Build.0 = Debug|Any CPU
		{3EFCF29D-D2D2-43AC-AA6A-08E28E7913B1}.Release|Any CPU.ActiveCfg = Release|Any CPU
		{3EFCF29D-D2D2-43AC-AA6A-08E28E7913B1}.Release|Any CPU.Build.0 = Release|Any CPU
		{BA5C6CF1-A125-4708-8685-A7D4D502BCC9}.Debug|Any CPU.ActiveCfg = Debug|Any CPU
		{BA5C6CF1-A125-4708-8685-A7D4D502BCC9}.Debug|Any CPU.Build.0 = Debug|Any CPU
		{BA5C6CF1-A125-4708-8685-A7D4D502BCC9}.Release|Any CPU.ActiveCfg = Release|Any CPU
		{BA5C6CF1-A125-4708-8685-A7D4D502BCC9}.Release|Any CPU.Build.0 = Release|Any CPU
		{64A843CD-1824-4E04-B3B4-F9DFA7BC0930}.Debug|Any CPU.ActiveCfg = Debug|Any CPU
		{64A843CD-1824-4E04-B3B4-F9DFA7BC0930}.Debug|Any CPU.Build.0 = Debug|Any CPU
		{64A843CD-1824-4E04-B3B4-F9DFA7BC0930}.Release|Any CPU.ActiveCfg = Release|Any CPU
		{64A843CD-1824-4E04-B3B4-F9DFA7BC0930}.Release|Any CPU.Build.0 = Release|Any CPU
		{884689CD-829C-4C83-B794-99AD4BEB85F8}.Debug|Any CPU.ActiveCfg = Debug|Any CPU
		{884689CD-829C-4C83-B794-99AD4BEB85F8}.Debug|Any CPU.Build.0 = Debug|Any CPU
		{884689CD-829C-4C83-B794-99AD4BEB85F8}.Release|Any CPU.ActiveCfg = Release|Any CPU
		{884689CD-829C-4C83-B794-99AD4BEB85F8}.Release|Any CPU.Build.0 = Release|Any CPU
	EndGlobalSection
EndGlobal
